{
  "name": "micky mouse",
  "lockfileVersion": 3,
  "requires": true,
  "packages": {
    "": {
      "dependencies": {
        "bootstrap-4-react": "^0.0.59"
      }
    },
    "node_modules/bootstrap-4-react": {
      "version": "0.0.59",
      "resolved": "https://registry.npmjs.org/bootstrap-4-react/-/bootstrap-4-react-0.0.59.tgz",
      "integrity": "sha512-j3a618tWHl/ajYQi6zn0LdVfksRH+gyQ4RwIanTPin6xkHkgYfk+47ZlHFSwyiO9zVFn4xznoGjTwWA0AIlJkA==",
      "dependencies": {
        "bootstrap-4-required": "0.0.1",
        "fsts": "0.0.44"
      }
    },
    "node_modules/bootstrap-4-required": {
      "version": "0.0.1",
      "resolved": "https://registry.npmjs.org/bootstrap-4-required/-/bootstrap-4-required-0.0.1.tgz",
      "integrity": "sha512-4S6Trn9pRVSR756GRYr3hy2cZL3Vc0tw0/H9E+mbNeOR+4tn6CeRgcLx0YqZmL2XlabtEV73+XAesmwkgTDKvQ=="
    },
    "node_modules/fsts": {
      "version": "0.0.44",
      "resolved": "https://registry.npmjs.org/fsts/-/fsts-0.0.44.tgz",
      "integrity": "sha512-0U4qvbzOE+3s2711DdszIyaAnZ3M0dbFAhnkez/ITy31MwzDI2lepGSkVeFOyx6jqWvwaSZr01RP4hdM4I8wxQ=="
    }
  }
}
